
Microsoft Visual Studio Solution File, Format Version 12.00
# Visual Studio Version 17
VisualStudioVersion = 17.8.34316.72
MinimumVisualStudioVersion = 10.0.40219.1
Project("{8BC9CEB8-8B4A-11D0-8D11-00A0C91BC942}") = "LR7", "LR7.vcxproj", "{43BDC788-4F4D-46AD-915C-ADF013C24289}"
EndProject
Global
	GlobalSection(SolutionConfigurationPlatforms) = preSolution
		Debug|x64 = Debug|x64
		Debug|x86 = Debug|x86
		Release|x64 = Release|x64
		Release|x86 = Release|x86
	EndGlobalSection
	GlobalSection(ProjectConfigurationPlatforms) = postSolution
		{43BDC788-4F4D-46AD-915C-ADF013C24289}.Debug|x64.ActiveCfg = Debug|x64
		{43BDC788-4F4D-46AD-915C-ADF013C24289}.Debug|x64.Build.0 = Debug|x64
		{43BDC788-4F4D-46AD-915C-ADF013C24289}.Debug|x86.ActiveCfg = Debug|Win32
		{43BDC788-4F4D-46AD-915C-ADF013C24289}.Debug|x86.Build.0 = Debug|Win32
		{43BDC788-4F4D-46AD-915C-ADF013C24289}.Release|x64.ActiveCfg = Release|x64
		{43BDC788-4F4D-46AD-915C-ADF013C24289}.Release|x64.Build.0 = Release|x64
		{43BDC788-4F4D-46AD-915C-ADF013C24289}.Release|x86.ActiveCfg = Release|Win32
		{43BDC788-4F4D-46AD-915C-ADF013C24289}.Release|x86.Build.0 = Release|Win32
	EndGlobalSection
	GlobalSection(SolutionProperties) = preSolution
		HideSolutionNode = FALSE
	EndGlobalSection
	GlobalSection(ExtensibilityGlobals) = postSolution
		SolutionGuid = {41B16201-18C9-4EA7-B559-4A38E49AF5B7}
	EndGlobalSection
EndGlobal
